
Microsoft Visual Studio Solution File, Format Version 12.00
# Visual Studio Version 17
VisualStudioVersion = 17.8.34309.116
MinimumVisualStudioVersion = 10.0.40219.1
Project("{2150E333-8FDC-42A3-9474-1A3956D46DE8}") = "FrontEnd", "FrontEnd", "{D4103AB2-9E1B-4408-8F9A-E3818169B2C9}"
EndProject
Project("{2150E333-8FDC-42A3-9474-1A3956D46DE8}") = "Gateway", "Gateway", "{050CE611-B549-436B-9D5E-A3C03DA58E26}"
EndProject
Project("{2150E333-8FDC-42A3-9474-1A3956D46DE8}") = "Integration", "Integration", "{0C2B0AA2-C88D-4AD8-AD96-1476C9A0199F}"
EndProject
Project("{2150E333-8FDC-42A3-9474-1A3956D46DE8}") = "Services", "Services", "{905828FD-1BE9-4BBE-8117-38FD22B669E7}"
EndProject
Project("{FAE04EC0-301F-11D3-BF4B-00C04F79EFBC}") = "Mango.Services.CouponAPI", "Mango.Services.CouponAPI\Mango.Services.CouponAPI.csproj", "{13385DFD-88BB-48CF-97ED-109E9F8083A7}"
EndProject
Global
	GlobalSection(SolutionConfigurationPlatforms) = preSolution
		Debug|Any CPU = Debug|Any CPU
		Release|Any CPU = Release|Any CPU
	EndGlobalSection
	GlobalSection(ProjectConfigurationPlatforms) = postSolution
		{13385DFD-88BB-48CF-97ED-109E9F8083A7}.Debug|Any CPU.ActiveCfg = Debug|Any CPU
		{13385DFD-88BB-48CF-97ED-109E9F8083A7}.Debug|Any CPU.Build.0 = Debug|Any CPU
		{13385DFD-88BB-48CF-97ED-109E9F8083A7}.Release|Any CPU.ActiveCfg = Release|Any CPU
		{13385DFD-88BB-48CF-97ED-109E9F8083A7}.Release|Any CPU.Build.0 = Release|Any CPU
	EndGlobalSection
	GlobalSection(SolutionProperties) = preSolution
		HideSolutionNode = FALSE
	EndGlobalSection
	GlobalSection(NestedProjects) = preSolution
		{13385DFD-88BB-48CF-97ED-109E9F8083A7} = {905828FD-1BE9-4BBE-8117-38FD22B669E7}
	EndGlobalSection
	GlobalSection(ExtensibilityGlobals) = postSolution
		SolutionGuid = {93E09F6F-D91C-4C56-999A-C35ECE78BE67}
	EndGlobalSection
EndGlobal
